// !$*UTF8*$!
{
	archiveVersion = 1;
	classes = {
	};
	objectVersion = 46;
	objects = {

/* Begin PBXBuildFile section */
		7F4BBFF319073CED0026F078 /* PIPE.png in Resources */ = {isa = PBXBuildFile; fileRef = 7F4BBFF219073CED0026F078 /* PIPE.png */; };
		7F4BBFF519073D450026F078 /* PIPE_Down.png in Resources */ = {isa = PBXBuildFile; fileRef = 7F4BBFF419073D450026F078 /* PIPE_Down.png */; };
		7F4BC01319074E910026F078 /* hands8 copy.png in Resources */ = {isa = PBXBuildFile; fileRef = 7F4BBFF619074E900026F078 /* hands8 copy.png */; };
		7F4BC01419074E910026F078 /* hands7 copy.png in Resources */ = {isa = PBXBuildFile; fileRef = 7F4BBFF719074E900026F078 /* hands7 copy.png */; };
		7F4BC01519074E910026F078 /* hands6 copy.png in Resources */ = {isa = PBXBuildFile; fileRef = 7F4BBFF819074E900026F078 /* hands6 copy.png */; };
		7F4BC01619074E910026F078 /* hands5 copy.png in Resources */ = {isa = PBXBuildFile; fileRef = 7F4BBFF919074E900026F078 /* hands5 copy.png */; };
		7F4BC01719074E910026F078 /* hands4 copy.png in Resources */ = {isa = PBXBuildFile; fileRef = 7F4BBFFA19074E900026F078 /* hands4 copy.png */; };
		7F4BC01819074E910026F078 /* hands3 copy.png in Resources */ = {isa = PBXBuildFile; fileRef = 7F4BBFFB19074E900026F078 /* hands3 copy.png */; };
		7F4BC01919074E910026F078 /* hands2 copy.png in Resources */ = {isa = PBXBuildFile; fileRef = 7F4BBFFC19074E900026F078 /* hands2 copy.png */; };
		7F4BC01A19074E910026F078 /* hands1 copy.png in Resources */ = {isa = PBXBuildFile; fileRef = 7F4BBFFD19074E900026F078 /* hands1 copy.png */; };
		7F4BC01B19074E910026F078 /* gravitypowerup.png in Resources */ = {isa = PBXBuildFile; fileRef = 7F4BBFFE19074E900026F078 /* gravitypowerup.png */; };
		7F4BC01C19074E910026F078 /* coinpowerup.png in Resources */ = {isa = PBXBuildFile; fileRef = 7F4BBFFF19074E900026F078 /* coinpowerup.png */; };
		7F4BC01D19074E910026F078 /* coin19.png in Resources */ = {isa = PBXBuildFile; fileRef = 7F4BC00019074E900026F078 /* coin19.png */; };
		7F4BC01E19074E910026F078 /* coin17.png in Resources */ = {isa = PBXBuildFile; fileRef = 7F4BC00119074E900026F078 /* coin17.png */; };
		7F4BC01F19074E910026F078 /* coin16.png in Resources */ = {isa = PBXBuildFile; fileRef = 7F4BC00219074E900026F078 /* coin16.png */; };
		7F4BC02019074E910026F078 /* coin15.png in Resources */ = {isa = PBXBuildFile; fileRef = 7F4BC00319074E900026F078 /* coin15.png */; };
		7F4BC02119074E910026F078 /* coin14.png in Resources */ = {isa = PBXBuildFile; fileRef = 7F4BC00419074E900026F078 /* coin14.png */; };
		7F4BC02219074E910026F078 /* coin13.png in Resources */ = {isa = PBXBuildFile; fileRef = 7F4BC00519074E900026F078 /* coin13.png */; };
		7F4BC02319074E910026F078 /* coin12.png in Resources */ = {isa = PBXBuildFile; fileRef = 7F4BC00619074E900026F078 /* coin12.png */; };
		7F4BC02419074E910026F078 /* coin11.png in Resources */ = {isa = PBXBuildFile; fileRef = 7F4BC00719074E900026F078 /* coin11.png */; };
		7F4BC02519074E910026F078 /* coin10.png in Resources */ = {isa = PBXBuildFile; fileRef = 7F4BC00819074E900026F078 /* coin10.png */; };
		7F4BC02619074E910026F078 /* coin9.png in Resources */ = {isa = PBXBuildFile; fileRef = 7F4BC00919074E900026F078 /* coin9.png */; };
		7F4BC02719074E910026F078 /* coin8.png in Resources */ = {isa = PBXBuildFile; fileRef = 7F4BC00A19074E900026F078 /* coin8.png */; };
		7F4BC02819074E910026F078 /* coin7.png in Resources */ = {isa = PBXBuildFile; fileRef = 7F4BC00B19074E900026F078 /* coin7.png */; };
		7F4BC02919074E910026F078 /* coin6.png in Resources */ = {isa = PBXBuildFile; fileRef = 7F4BC00C19074E900026F078 /* coin6.png */; };
		7F4BC02A19074E910026F078 /* coin5.png in Resources */ = {isa = PBXBuildFile; fileRef = 7F4BC00D19074E900026F078 /* coin5.png */; };
		7F4BC02B19074E910026F078 /* coin4.png in Resources */ = {isa = PBXBuildFile; fileRef = 7F4BC00E19074E900026F078 /* coin4.png */; };
		7F4BC02C19074E910026F078 /* coin3.png in Resources */ = {isa = PBXBuildFile; fileRef = 7F4BC00F19074E900026F078 /* coin3.png */; };
		7F4BC02D19074E910026F078 /* coin1.png in Resources */ = {isa = PBXBuildFile; fileRef = 7F4BC01019074E900026F078 /* coin1.png */; };
		7F4BC02E19074E910026F078 /* 1upPowerup.png in Resources */ = {isa = PBXBuildFile; fileRef = 7F4BC01119074E900026F078 /* 1upPowerup.png */; };
		7F4BC02F19074E910026F078 /* speedpowerup.png in Resources */ = {isa = PBXBuildFile; fileRef = 7F4BC01219074E910026F078 /* speedpowerup.png */; };
		7F4BC031190754930026F078 /* groundImage.png in Resources */ = {isa = PBXBuildFile; fileRef = 7F4BC030190754930026F078 /* groundImage.png */; };
		7F4BC035190758AF0026F078 /* coin18.png in Resources */ = {isa = PBXBuildFile; fileRef = 7F4BC034190758AF0026F078 /* coin18.png */; };
		7F4BC037190759F40026F078 /* coin2.png in Resources */ = {isa = PBXBuildFile; fileRef = 7F4BC036190759F40026F078 /* coin2.png */; };
		7F4BC03919075CB20026F078 /* start.png in Resources */ = {isa = PBXBuildFile; fileRef = 7F4BC03819075CB20026F078 /* start.png */; };
		7F4BC03B19075F050026F078 /* ok.png in Resources */ = {isa = PBXBuildFile; fileRef = 7F4BC03A19075F050026F078 /* ok.png */; };
		7F4BC03D19075F0E0026F078 /* easy.png in Resources */ = {isa = PBXBuildFile; fileRef = 7F4BC03C19075F0E0026F078 /* easy.png */; };
		7F4BC03F19075F180026F078 /* medium.png in Resources */ = {isa = PBXBuildFile; fileRef = 7F4BC03E19075F180026F078 /* medium.png */; };
		7F4BC04119075F200026F078 /* hard.png in Resources */ = {isa = PBXBuildFile; fileRef = 7F4BC04019075F200026F078 /* hard.png */; };
		7F4BC04319075F880026F078 /* faster2.png in Resources */ = {isa = PBXBuildFile; fileRef = 7F4BC04219075F880026F078 /* faster2.png */; };
		7F4BC0451907628C0026F078 /* scoreboard2.png in Resources */ = {isa = PBXBuildFile; fileRef = 7F4BC0441907628C0026F078 /* scoreboard2.png */; };
		7F4BC047190765890026F078 /* title.png in Resources */ = {isa = PBXBuildFile; fileRef = 7F4BC046190765890026F078 /* title.png */; };
		7F4F20EA18BEB753002675F6 /* Foundation.framework in Frameworks */ = {isa = PBXBuildFile; fileRef = 7F4F20E918BEB753002675F6 /* Foundation.framework */; };
		7F4F20EC18BEB753002675F6 /* CoreGraphics.framework in Frameworks */ = {isa = PBXBuildFile; fileRef = 7F4F20EB18BEB753002675F6 /* CoreGraphics.framework */; };
		7F4F20EE18BEB753002675F6 /* UIKit.framework in Frameworks */ = {isa = PBXBuildFile; fileRef = 7F4F20ED18BEB753002675F6 /* UIKit.framework */; };
		7F4F20F418BEB753002675F6 /* InfoPlist.strings in Resources */ = {isa = PBXBuildFile; fileRef = 7F4F20F218BEB753002675F6 /* InfoPlist.strings */; };
		7F4F20F618BEB753002675F6 /* main.m in Sources */ = {isa = PBXBuildFile; fileRef = 7F4F20F518BEB753002675F6 /* main.m */; };
		7F4F20FA18BEB753002675F6 /* AppDelegate.m in Sources */ = {isa = PBXBuildFile; fileRef = 7F4F20F918BEB753002675F6 /* AppDelegate.m */; };
		7F4F20FD18BEB753002675F6 /* Main.storyboard in Resources */ = {isa = PBXBuildFile; fileRef = 7F4F20FB18BEB753002675F6 /* Main.storyboard */; };
		7F4F210018BEB753002675F6 /* ViewController.m in Sources */ = {isa = PBXBuildFile; fileRef = 7F4F20FF18BEB753002675F6 /* ViewController.m */; };
		7F4F210218BEB753002675F6 /* Images.xcassets in Resources */ = {isa = PBXBuildFile; fileRef = 7F4F210118BEB753002675F6 /* Images.xcassets */; };
		7F4F210918BEB753002675F6 /* XCTest.framework in Frameworks */ = {isa = PBXBuildFile; fileRef = 7F4F210818BEB753002675F6 /* XCTest.framework */; };
		7F4F210A18BEB753002675F6 /* Foundation.framework in Frameworks */ = {isa = PBXBuildFile; fileRef = 7F4F20E918BEB753002675F6 /* Foundation.framework */; };
		7F4F210B18BEB753002675F6 /* UIKit.framework in Frameworks */ = {isa = PBXBuildFile; fileRef = 7F4F20ED18BEB753002675F6 /* UIKit.framework */; };
		7F4F211318BEB753002675F6 /* InfoPlist.strings in Resources */ = {isa = PBXBuildFile; fileRef = 7F4F211118BEB753002675F6 /* InfoPlist.strings */; };
		7F4F211518BEB753002675F6 /* flappyBird2Tests.m in Sources */ = {isa = PBXBuildFile; fileRef = 7F4F211418BEB753002675F6 /* flappyBird2Tests.m */; };
		7F4F211F18BEC43D002675F6 /* flappyBirdDaytime.png in Resources */ = {isa = PBXBuildFile; fileRef = 7F4F211E18BEC43D002675F6 /* flappyBirdDaytime.png */; };
		7F4F212318BF1A4B002675F6 /* flappyBirdGroundWide.png in Resources */ = {isa = PBXBuildFile; fileRef = 7F4F212218BF1A4B002675F6 /* flappyBirdGroundWide.png */; };
		7F4F212518BF36B5002675F6 /* flappyBirdStartButtonDown.png in Resources */ = {isa = PBXBuildFile; fileRef = 7F4F212418BF36B5002675F6 /* flappyBirdStartButtonDown.png */; };
		7F4F212718BF36BE002675F6 /* flappyBirdStartButtonUp.png in Resources */ = {isa = PBXBuildFile; fileRef = 7F4F212618BF36BE002675F6 /* flappyBirdStartButtonUp.png */; };
		7F4F212918BF9C60002675F6 /* flappyBirdFlying1.png in Resources */ = {isa = PBXBuildFile; fileRef = 7F4F212818BF9C60002675F6 /* flappyBirdFlying1.png */; };
		7F4F212B18BF9C6D002675F6 /* flappyBirdFlying2.png in Resources */ = {isa = PBXBuildFile; fileRef = 7F4F212A18BF9C6D002675F6 /* flappyBirdFlying2.png */; };
		7F4F212D18BF9C75002675F6 /* flappyBirdFlying3.png in Resources */ = {isa = PBXBuildFile; fileRef = 7F4F212C18BF9C75002675F6 /* flappyBirdFlying3.png */; };
		7FB3BBB318C1BF01001B558D /* flappyBirdCoin8.png in Resources */ = {isa = PBXBuildFile; fileRef = 7FB3BBA918C1BF01001B558D /* flappyBirdCoin8.png */; };
		7FB3BBB418C1BF01001B558D /* flappyBirdCoin7.png in Resources */ = {isa = PBXBuildFile; fileRef = 7FB3BBAA18C1BF01001B558D /* flappyBirdCoin7.png */; };
		7FB3BBB518C1BF01001B558D /* flappyBirdCoin6.png in Resources */ = {isa = PBXBuildFile; fileRef = 7FB3BBAB18C1BF01001B558D /* flappyBirdCoin6.png */; };
		7FB3BBB618C1BF01001B558D /* flappyBirdCoin5.png in Resources */ = {isa = PBXBuildFile; fileRef = 7FB3BBAC18C1BF01001B558D /* flappyBirdCoin5.png */; };
		7FB3BBB718C1BF01001B558D /* flappyBirdCoin4.png in Resources */ = {isa = PBXBuildFile; fileRef = 7FB3BBAD18C1BF01001B558D /* flappyBirdCoin4.png */; };
		7FB3BBB818C1BF01001B558D /* flappyBirdCoin3.png in Resources */ = {isa = PBXBuildFile; fileRef = 7FB3BBAE18C1BF01001B558D /* flappyBirdCoin3.png */; };
		7FB3BBB918C1BF01001B558D /* flappyBirdCoin2.png in Resources */ = {isa = PBXBuildFile; fileRef = 7FB3BBAF18C1BF01001B558D /* flappyBirdCoin2.png */; };
		7FB3BBBA18C1BF01001B558D /* flappyBirdCoin1.png in Resources */ = {isa = PBXBuildFile; fileRef = 7FB3BBB018C1BF01001B558D /* flappyBirdCoin1.png */; };
		7FB3BBBB18C1BF01001B558D /* flappyBirdCoin9.png in Resources */ = {isa = PBXBuildFile; fileRef = 7FB3BBB118C1BF01001B558D /* flappyBirdCoin9.png */; };
		7FB3BBBC18C1BF01001B558D /* flappyBirdCoin10.png in Resources */ = {isa = PBXBuildFile; fileRef = 7FB3BBB218C1BF01001B558D /* flappyBirdCoin10.png */; };
		7FBF99AC1905DE18000163A0 /* Faster.png in Resources */ = {isa = PBXBuildFile; fileRef = 7FBF99AB1905DE18000163A0 /* Faster.png */; };
		7FBF99AE1905FD4D000163A0 /* gameLoopSong.mp3 in Resources */ = {isa = PBXBuildFile; fileRef = 7FBF99AD1905FD4D000163A0 /* gameLoopSong.mp3 */; };
		7FBF99B719060B44000163A0 /* animatedHands8.png in Resources */ = {isa = PBXBuildFile; fileRef = 7FBF99AF19060B44000163A0 /* animatedHands8.png */; };
		7FBF99B819060B44000163A0 /* animatedHands7.png in Resources */ = {isa = PBXBuildFile; fileRef = 7FBF99B019060B44000163A0 /* animatedHands7.png */; };
		7FBF99B919060B44000163A0 /* animatedHands6.png in Resources */ = {isa = PBXBuildFile; fileRef = 7FBF99B119060B44000163A0 /* animatedHands6.png */; };
		7FBF99BA19060B44000163A0 /* animatedHands5.png in Resources */ = {isa = PBXBuildFile; fileRef = 7FBF99B219060B44000163A0 /* animatedHands5.png */; };
		7FBF99BB19060B44000163A0 /* animatedHands4.png in Resources */ = {isa = PBXBuildFile; fileRef = 7FBF99B319060B44000163A0 /* animatedHands4.png */; };
		7FBF99BC19060B44000163A0 /* animatedHands3.png in Resources */ = {isa = PBXBuildFile; fileRef = 7FBF99B419060B44000163A0 /* animatedHands3.png */; };
		7FBF99BD19060B44000163A0 /* animatedHands2.png in Resources */ = {isa = PBXBuildFile; fileRef = 7FBF99B519060B44000163A0 /* animatedHands2.png */; };
		7FBF99BE19060B44000163A0 /* animatedHands1.png in Resources */ = {isa = PBXBuildFile; fileRef = 7FBF99B619060B44000163A0 /* animatedHands1.png */; };
		7FBF99C01906A9B0000163A0 /* gameLoopSong_short.mp3 in Resources */ = {isa = PBXBuildFile; fileRef = 7FBF99BF1906A9B0000163A0 /* gameLoopSong_short.mp3 */; };
		7FBF99C21906DCA9000163A0 /* collisionGround.png in Resources */ = {isa = PBXBuildFile; fileRef = 7FBF99C11906DCA9000163A0 /* collisionGround.png */; };
		7FBF99C41906DCB3000163A0 /* movingBackground.png in Resources */ = {isa = PBXBuildFile; fileRef = 7FBF99C31906DCB3000163A0 /* movingBackground.png */; };
		7FBF99C61906DCBB000163A0 /* stationaryBackground.png in Resources */ = {isa = PBXBuildFile; fileRef = 7FBF99C51906DCBB000163A0 /* stationaryBackground.png */; };
		7FCEC18618F622C600A97A6A /* arrow.png in Resources */ = {isa = PBXBuildFile; fileRef = 7FCEC18518F622C600A97A6A /* arrow.png */; };
		7FF95D0C1907815D0031B710 /* icon.png in Resources */ = {isa = PBXBuildFile; fileRef = 7FF95D0B1907815D0031B710 /* icon.png */; };
		7FF95D0E190784040031B710 /* icon29.png in Resources */ = {isa = PBXBuildFile; fileRef = 7FF95D0D190784040031B710 /* icon29.png */; };
		7FF95D10190784580031B710 /* icon58.png in Resources */ = {isa = PBXBuildFile; fileRef = 7FF95D0F190784580031B710 /* icon58.png */; };
		7FF95D121907F8B20031B710 /* icon40.png in Resources */ = {isa = PBXBuildFile; fileRef = 7FF95D111907F8B20031B710 /* icon40.png */; };
		7FF95D141907F8F30031B710 /* icon80.png in Resources */ = {isa = PBXBuildFile; fileRef = 7FF95D131907F8F30031B710 /* icon80.png */; };
		7FF95D161907F9330031B710 /* icon57.png in Resources */ = {isa = PBXBuildFile; fileRef = 7FF95D151907F9330031B710 /* icon57.png */; };
		7FF95D181907F96B0031B710 /* icon114.png in Resources */ = {isa = PBXBuildFile; fileRef = 7FF95D171907F96B0031B710 /* icon114.png */; };
		7FF95D201907FAA50031B710 /* icon152.png in Resources */ = {isa = PBXBuildFile; fileRef = 7FF95D191907FAA50031B710 /* icon152.png */; };
		7FF95D211907FAA50031B710 /* icon76.png in Resources */ = {isa = PBXBuildFile; fileRef = 7FF95D1A1907FAA50031B710 /* icon76.png */; };
		7FF95D221907FAA50031B710 /* icon144.png in Resources */ = {isa = PBXBuildFile; fileRef = 7FF95D1B1907FAA50031B710 /* icon144.png */; };
		7FF95D231907FAA50031B710 /* icon72.png in Resources */ = {isa = PBXBuildFile; fileRef = 7FF95D1C1907FAA50031B710 /* icon72.png */; };
		7FF95D241907FAA50031B710 /* icon100.png in Resources */ = {isa = PBXBuildFile; fileRef = 7FF95D1D1907FAA50031B710 /* icon100.png */; };
		7FF95D251907FAA50031B710 /* icon120.png in Resources */ = {isa = PBXBuildFile; fileRef = 7FF95D1E1907FAA50031B710 /* icon120.png */; };
		7FF95D261907FAA50031B710 /* icon50.png in Resources */ = {isa = PBXBuildFile; fileRef = 7FF95D1F1907FAA50031B710 /* icon50.png */; };
		AC76043E18F61F930081EA16 /* scoreboard.png in Resources */ = {isa = PBXBuildFile; fileRef = AC76043D18F61F930081EA16 /* scoreboard.png */; };
		AC76044218F620AE0081EA16 /* okButton.png in Resources */ = {isa = PBXBuildFile; fileRef = AC76044118F620AE0081EA16 /* okButton.png */; };
		ACA6FEC618FC9CEF00B51909 /* scoreMultiplier.png in Resources */ = {isa = PBXBuildFile; fileRef = ACA6FEC518FC9CEF00B51909 /* scoreMultiplier.png */; };
		ACA6FEC818FC9D1E00B51909 /* oneUpMedal.png in Resources */ = {isa = PBXBuildFile; fileRef = ACA6FEC718FC9D1E00B51909 /* oneUpMedal.png */; };
		ACA6FECA18FCA39F00B51909 /* dash.jpg in Resources */ = {isa = PBXBuildFile; fileRef = ACA6FEC918FCA39F00B51909 /* dash.jpg */; };
		ACC9886A190245DF00BE1660 /* AudioToolbox.framework in Frameworks */ = {isa = PBXBuildFile; fileRef = ACC98869190245DF00BE1660 /* AudioToolbox.framework */; };
		ACC9886C1902471300BE1660 /* sfx_die.wav in Resources */ = {isa = PBXBuildFile; fileRef = ACC9886B1902471300BE1660 /* sfx_die.wav */; };
		ACC988701902484100BE1660 /* sfx_wing.wav in Resources */ = {isa = PBXBuildFile; fileRef = ACC9886F1902484100BE1660 /* sfx_wing.wav */; };
		ACC98872190248ED00BE1660 /* sfx_hit.wav in Resources */ = {isa = PBXBuildFile; fileRef = ACC98871190248ED00BE1660 /* sfx_hit.wav */; };
		ACC9887419024AC900BE1660 /* smw_coin.wav in Resources */ = {isa = PBXBuildFile; fileRef = ACC9887319024AC900BE1660 /* smw_coin.wav */; };
		ACC9887619024C2300BE1660 /* smw_power_up.wav in Resources */ = {isa = PBXBuildFile; fileRef = ACC9887519024C2300BE1660 /* smw_power_up.wav */; };
		ACC9887819024EB300BE1660 /* here_we_go.wav in Resources */ = {isa = PBXBuildFile; fileRef = ACC9887719024EB300BE1660 /* here_we_go.wav */; };
		ACC9887A19024FA300BE1660 /* score_mult.wav in Resources */ = {isa = PBXBuildFile; fileRef = ACC9887919024FA300BE1660 /* score_mult.wav */; };
		ACC9887C190250B300BE1660 /* blip.wav in Resources */ = {isa = PBXBuildFile; fileRef = ACC9887B190250B300BE1660 /* blip.wav */; };
		ACE2E5C719073A230005405B /* gameLoop.wav in Resources */ = {isa = PBXBuildFile; fileRef = ACE2E5C619073A230005405B /* gameLoop.wav */; };
		ACFFE316190725B3000BA013 /* AVFoundation.framework in Frameworks */ = {isa = PBXBuildFile; fileRef = ACFFE315190725B3000BA013 /* AVFoundation.framework */; };
		ADC3F9FC18C031AC0011D68A /* bottomTube.png in Resources */ = {isa = PBXBuildFile; fileRef = ADC3F9FA18C031AC0011D68A /* bottomTube.png */; };
		ADC3F9FD18C031AC0011D68A /* topTube.png in Resources */ = {isa = PBXBuildFile; fileRef = ADC3F9FB18C031AC0011D68A /* topTube.png */; };
		ADC3FA0318C0EC940011D68A /* flappyView.m in Sources */ = {isa = PBXBuildFile; fileRef = ADC3FA0218C0EC940011D68A /* flappyView.m */; };
		ADE10FE418FF1F4F00D28B34 /* dataBase.m in Sources */ = {isa = PBXBuildFile; fileRef = ADE10FE318FF1F4F00D28B34 /* dataBase.m */; };
/* End PBXBuildFile section */

/* Begin PBXContainerItemProxy section */
		7F4F210C18BEB753002675F6 /* PBXContainerItemProxy */ = {
			isa = PBXContainerItemProxy;
			containerPortal = 7F4F20DE18BEB753002675F6 /* Project object */;
			proxyType = 1;
			remoteGlobalIDString = 7F4F20E518BEB753002675F6;
			remoteInfo = flappyBird2;
		};
/* End PBXContainerItemProxy section */

/* Begin PBXFileReference section */
		7F4BBFF219073CED0026F078 /* PIPE.png */ = {isa = PBXFileReference; lastKnownFileType = image.png; path = PIPE.png; sourceTree = "<group>"; };
		7F4BBFF419073D450026F078 /* PIPE_Down.png */ = {isa = PBXFileReference; lastKnownFileType = image.png; path = PIPE_Down.png; sourceTree = "<group>"; };
		7F4BBFF619074E900026F078 /* hands8 copy.png */ = {isa = PBXFileReference; lastKnownFileType = image.png; path = "hands8 copy.png"; sourceTree = "<group>"; };
		7F4BBFF719074E900026F078 /* hands7 copy.png */ = {isa = PBXFileReference; lastKnownFileType = image.png; path = "hands7 copy.png"; sourceTree = "<group>"; };
		7F4BBFF819074E900026F078 /* hands6 copy.png */ = {isa = PBXFileReference; lastKnownFileType = image.png; path = "hands6 copy.png"; sourceTree = "<group>"; };
		7F4BBFF919074E900026F078 /* hands5 copy.png */ = {isa = PBXFileReference; lastKnownFileType = image.png; path = "hands5 copy.png"; sourceTree = "<group>"; };
		7F4BBFFA19074E900026F078 /* hands4 copy.png */ = {isa = PBXFileReference; lastKnownFileType = image.png; path = "hands4 copy.png"; sourceTree = "<group>"; };
		7F4BBFFB19074E900026F078 /* hands3 copy.png */ = {isa = PBXFileReference; lastKnownFileType = image.png; path = "hands3 copy.png"; sourceTree = "<group>"; };
		7F4BBFFC19074E900026F078 /* hands2 copy.png */ = {isa = PBXFileReference; lastKnownFileType = image.png; path = "hands2 copy.png"; sourceTree = "<group>"; };
		7F4BBFFD19074E900026F078 /* hands1 copy.png */ = {isa = PBXFileReference; lastKnownFileType = image.png; path = "hands1 copy.png"; sourceTree = "<group>"; };
		7F4BBFFE19074E900026F078 /* gravitypowerup.png */ = {isa = PBXFileReference; lastKnownFileType = image.png; path = gravitypowerup.png; sourceTree = "<group>"; };
		7F4BBFFF19074E900026F078 /* coinpowerup.png */ = {isa = PBXFileReference; lastKnownFileType = image.png; path = coinpowerup.png; sourceTree = "<group>"; };
		7F4BC00019074E900026F078 /* coin19.png */ = {isa = PBXFileReference; lastKnownFileType = image.png; path = coin19.png; sourceTree = "<group>"; };
		7F4BC00119074E900026F078 /* coin17.png */ = {isa = PBXFileReference; lastKnownFileType = image.png; path = coin17.png; sourceTree = "<group>"; };
		7F4BC00219074E900026F078 /* coin16.png */ = {isa = PBXFileReference; lastKnownFileType = image.png; path = coin16.png; sourceTree = "<group>"; };
		7F4BC00319074E900026F078 /* coin15.png */ = {isa = PBXFileReference; lastKnownFileType = image.png; path = coin15.png; sourceTree = "<group>"; };
		7F4BC00419074E900026F078 /* coin14.png */ = {isa = PBXFileReference; lastKnownFileType = image.png; path = coin14.png; sourceTree = "<group>"; };
		7F4BC00519074E900026F078 /* coin13.png */ = {isa = PBXFileReference; lastKnownFileType = image.png; path = coin13.png; sourceTree = "<group>"; };
		7F4BC00619074E900026F078 /* coin12.png */ = {isa = PBXFileReference; lastKnownFileType = image.png; path = coin12.png; sourceTree = "<group>"; };
		7F4BC00719074E900026F078 /* coin11.png */ = {isa = PBXFileReference; lastKnownFileType = image.png; path = coin11.png; sourceTree = "<group>"; };
		7F4BC00819074E900026F078 /* coin10.png */ = {isa = PBXFileReference; lastKnownFileType = image.png; path = coin10.png; sourceTree = "<group>"; };
		7F4BC00919074E900026F078 /* coin9.png */ = {isa = PBXFileReference; lastKnownFileType = image.png; path = coin9.png; sourceTree = "<group>"; };
		7F4BC00A19074E900026F078 /* coin8.png */ = {isa = PBXFileReference; lastKnownFileType = image.png; path = coin8.png; sourceTree = "<group>"; };
		7F4BC00B19074E900026F078 /* coin7.png */ = {isa = PBXFileReference; lastKnownFileType = image.png; path = coin7.png; sourceTree = "<group>"; };
		7F4BC00C19074E900026F078 /* coin6.png */ = {isa = PBXFileReference; lastKnownFileType = image.png; path = coin6.png; sourceTree = "<group>"; };
		7F4BC00D19074E900026F078 /* coin5.png */ = {isa = PBXFileReference; lastKnownFileType = image.png; path = coin5.png; sourceTree = "<group>"; };
		7F4BC00E19074E900026F078 /* coin4.png */ = {isa = PBXFileReference; lastKnownFileType = image.png; path = coin4.png; sourceTree = "<group>"; };
		7F4BC00F19074E900026F078 /* coin3.png */ = {isa = PBXFileReference; lastKnownFileType = image.png; path = coin3.png; sourceTree = "<group>"; };
		7F4BC01019074E900026F078 /* coin1.png */ = {isa = PBXFileReference; lastKnownFileType = image.png; path = coin1.png; sourceTree = "<group>"; };
		7F4BC01119074E900026F078 /* 1upPowerup.png */ = {isa = PBXFileReference; lastKnownFileType = image.png; path = 1upPowerup.png; sourceTree = "<group>"; };
		7F4BC01219074E910026F078 /* speedpowerup.png */ = {isa = PBXFileReference; lastKnownFileType = image.png; path = speedpowerup.png; sourceTree = "<group>"; };
		7F4BC030190754930026F078 /* groundImage.png */ = {isa = PBXFileReference; lastKnownFileType = image.png; path = groundImage.png; sourceTree = "<group>"; };
		7F4BC034190758AF0026F078 /* coin18.png */ = {isa = PBXFileReference; lastKnownFileType = image.png; path = coin18.png; sourceTree = "<group>"; };
		7F4BC036190759F40026F078 /* coin2.png */ = {isa = PBXFileReference; lastKnownFileType = image.png; path = coin2.png; sourceTree = "<group>"; };
		7F4BC03819075CB20026F078 /* start.png */ = {isa = PBXFileReference; lastKnownFileType = image.png; path = start.png; sourceTree = "<group>"; };
		7F4BC03A19075F050026F078 /* ok.png */ = {isa = PBXFileReference; lastKnownFileType = image.png; path = ok.png; sourceTree = "<group>"; };
		7F4BC03C19075F0E0026F078 /* easy.png */ = {isa = PBXFileReference; lastKnownFileType = image.png; path = easy.png; sourceTree = "<group>"; };
		7F4BC03E19075F180026F078 /* medium.png */ = {isa = PBXFileReference; lastKnownFileType = image.png; path = medium.png; sourceTree = "<group>"; };
		7F4BC04019075F200026F078 /* hard.png */ = {isa = PBXFileReference; lastKnownFileType = image.png; path = hard.png; sourceTree = "<group>"; };
		7F4BC04219075F880026F078 /* faster2.png */ = {isa = PBXFileReference; lastKnownFileType = image.png; path = faster2.png; sourceTree = "<group>"; };
		7F4BC0441907628C0026F078 /* scoreboard2.png */ = {isa = PBXFileReference; lastKnownFileType = image.png; path = scoreboard2.png; sourceTree = "<group>"; };
		7F4BC046190765890026F078 /* title.png */ = {isa = PBXFileReference; lastKnownFileType = image.png; path = title.png; sourceTree = "<group>"; };
		7F4F20E618BEB753002675F6 /* flappyBird2.app */ = {isa = PBXFileReference; explicitFileType = wrapper.application; includeInIndex = 0; path = flappyBird2.app; sourceTree = BUILT_PRODUCTS_DIR; };
		7F4F20E918BEB753002675F6 /* Foundation.framework */ = {isa = PBXFileReference; lastKnownFileType = wrapper.framework; name = Foundation.framework; path = System/Library/Frameworks/Foundation.framework; sourceTree = SDKROOT; };
		7F4F20EB18BEB753002675F6 /* CoreGraphics.framework */ = {isa = PBXFileReference; lastKnownFileType = wrapper.framework; name = CoreGraphics.framework; path = System/Library/Frameworks/CoreGraphics.framework; sourceTree = SDKROOT; };
		7F4F20ED18BEB753002675F6 /* UIKit.framework */ = {isa = PBXFileReference; lastKnownFileType = wrapper.framework; name = UIKit.framework; path = System/Library/Frameworks/UIKit.framework; sourceTree = SDKROOT; };
		7F4F20F118BEB753002675F6 /* flappyBird2-Info.plist */ = {isa = PBXFileReference; lastKnownFileType = text.plist.xml; path = "flappyBird2-Info.plist"; sourceTree = "<group>"; };
		7F4F20F318BEB753002675F6 /* en */ = {isa = PBXFileReference; lastKnownFileType = text.plist.strings; name = en; path = en.lproj/InfoPlist.strings; sourceTree = "<group>"; };
		7F4F20F518BEB753002675F6 /* main.m */ = {isa = PBXFileReference; lastKnownFileType = sourcecode.c.objc; path = main.m; sourceTree = "<group>"; };
		7F4F20F718BEB753002675F6 /* flappyBird2-Prefix.pch */ = {isa = PBXFileReference; lastKnownFileType = sourcecode.c.h; path = "flappyBird2-Prefix.pch"; sourceTree = "<group>"; };
		7F4F20F818BEB753002675F6 /* AppDelegate.h */ = {isa = PBXFileReference; lastKnownFileType = sourcecode.c.h; path = AppDelegate.h; sourceTree = "<group>"; };
		7F4F20F918BEB753002675F6 /* AppDelegate.m */ = {isa = PBXFileReference; lastKnownFileType = sourcecode.c.objc; path = AppDelegate.m; sourceTree = "<group>"; };
		7F4F20FC18BEB753002675F6 /* Base */ = {isa = PBXFileReference; lastKnownFileType = file.storyboard; name = Base; path = Base.lproj/Main.storyboard; sourceTree = "<group>"; };
		7F4F20FE18BEB753002675F6 /* ViewController.h */ = {isa = PBXFileReference; lastKnownFileType = sourcecode.c.h; path = ViewController.h; sourceTree = "<group>"; };
		7F4F20FF18BEB753002675F6 /* ViewController.m */ = {isa = PBXFileReference; lastKnownFileType = sourcecode.c.objc; path = ViewController.m; sourceTree = "<group>"; };
		7F4F210118BEB753002675F6 /* Images.xcassets */ = {isa = PBXFileReference; lastKnownFileType = folder.assetcatalog; path = Images.xcassets; sourceTree = "<group>"; };
		7F4F210718BEB753002675F6 /* flappyBird2Tests.xctest */ = {isa = PBXFileReference; explicitFileType = wrapper.cfbundle; includeInIndex = 0; path = flappyBird2Tests.xctest; sourceTree = BUILT_PRODUCTS_DIR; };
		7F4F210818BEB753002675F6 /* XCTest.framework */ = {isa = PBXFileReference; lastKnownFileType = wrapper.framework; name = XCTest.framework; path = Library/Frameworks/XCTest.framework; sourceTree = DEVELOPER_DIR; };
		7F4F211018BEB753002675F6 /* flappyBird2Tests-Info.plist */ = {isa = PBXFileReference; lastKnownFileType = text.plist.xml; path = "flappyBird2Tests-Info.plist"; sourceTree = "<group>"; };
		7F4F211218BEB753002675F6 /* en */ = {isa = PBXFileReference; lastKnownFileType = text.plist.strings; name = en; path = en.lproj/InfoPlist.strings; sourceTree = "<group>"; };
		7F4F211418BEB753002675F6 /* flappyBird2Tests.m */ = {isa = PBXFileReference; lastKnownFileType = sourcecode.c.objc; path = flappyBird2Tests.m; sourceTree = "<group>"; };
		7F4F211E18BEC43D002675F6 /* flappyBirdDaytime.png */ = {isa = PBXFileReference; lastKnownFileType = image.png; path = flappyBirdDaytime.png; sourceTree = "<group>"; };
		7F4F212218BF1A4B002675F6 /* flappyBirdGroundWide.png */ = {isa = PBXFileReference; lastKnownFileType = image.png; path = flappyBirdGroundWide.png; sourceTree = "<group>"; };
		7F4F212418BF36B5002675F6 /* flappyBirdStartButtonDown.png */ = {isa = PBXFileReference; lastKnownFileType = image.png; path = flappyBirdStartButtonDown.png; sourceTree = "<group>"; };
		7F4F212618BF36BE002675F6 /* flappyBirdStartButtonUp.png */ = {isa = PBXFileReference; lastKnownFileType = image.png; path = flappyBirdStartButtonUp.png; sourceTree = "<group>"; };
		7F4F212818BF9C60002675F6 /* flappyBirdFlying1.png */ = {isa = PBXFileReference; lastKnownFileType = image.png; path = flappyBirdFlying1.png; sourceTree = "<group>"; };
		7F4F212A18BF9C6D002675F6 /* flappyBirdFlying2.png */ = {isa = PBXFileReference; lastKnownFileType = image.png; path = flappyBirdFlying2.png; sourceTree = "<group>"; };
		7F4F212C18BF9C75002675F6 /* flappyBirdFlying3.png */ = {isa = PBXFileReference; lastKnownFileType = image.png; path = flappyBirdFlying3.png; sourceTree = "<group>"; };
		7FB3BBA918C1BF01001B558D /* flappyBirdCoin8.png */ = {isa = PBXFileReference; lastKnownFileType = image.png; path = flappyBirdCoin8.png; sourceTree = "<group>"; };
		7FB3BBAA18C1BF01001B558D /* flappyBirdCoin7.png */ = {isa = PBXFileReference; lastKnownFileType = image.png; path = flappyBirdCoin7.png; sourceTree = "<group>"; };
		7FB3BBAB18C1BF01001B558D /* flappyBirdCoin6.png */ = {isa = PBXFileReference; lastKnownFileType = image.png; path = flappyBirdCoin6.png; sourceTree = "<group>"; };
		7FB3BBAC18C1BF01001B558D /* flappyBirdCoin5.png */ = {isa = PBXFileReference; lastKnownFileType = image.png; path = flappyBirdCoin5.png; sourceTree = "<group>"; };
		7FB3BBAD18C1BF01001B558D /* flappyBirdCoin4.png */ = {isa = PBXFileReference; lastKnownFileType = image.png; path = flappyBirdCoin4.png; sourceTree = "<group>"; };
		7FB3BBAE18C1BF01001B558D /* flappyBirdCoin3.png */ = {isa = PBXFileReference; lastKnownFileType = image.png; path = flappyBirdCoin3.png; sourceTree = "<group>"; };
		7FB3BBAF18C1BF01001B558D /* flappyBirdCoin2.png */ = {isa = PBXFileReference; lastKnownFileType = image.png; path = flappyBirdCoin2.png; sourceTree = "<group>"; };
		7FB3BBB018C1BF01001B558D /* flappyBirdCoin1.png */ = {isa = PBXFileReference; lastKnownFileType = image.png; path = flappyBirdCoin1.png; sourceTree = "<group>"; };
		7FB3BBB118C1BF01001B558D /* flappyBirdCoin9.png */ = {isa = PBXFileReference; lastKnownFileType = image.png; path = flappyBirdCoin9.png; sourceTree = "<group>"; };
		7FB3BBB218C1BF01001B558D /* flappyBirdCoin10.png */ = {isa = PBXFileReference; lastKnownFileType = image.png; path = flappyBirdCoin10.png; sourceTree = "<group>"; };
		7FBF99AB1905DE18000163A0 /* Faster.png */ = {isa = PBXFileReference; lastKnownFileType = image.png; path = Faster.png; sourceTree = "<group>"; };
		7FBF99AD1905FD4D000163A0 /* gameLoopSong.mp3 */ = {isa = PBXFileReference; lastKnownFileType = audio.mp3; path = gameLoopSong.mp3; sourceTree = "<group>"; };
		7FBF99AF19060B44000163A0 /* animatedHands8.png */ = {isa = PBXFileReference; lastKnownFileType = image.png; path = animatedHands8.png; sourceTree = "<group>"; };
		7FBF99B019060B44000163A0 /* animatedHands7.png */ = {isa = PBXFileReference; lastKnownFileType = image.png; path = animatedHands7.png; sourceTree = "<group>"; };
		7FBF99B119060B44000163A0 /* animatedHands6.png */ = {isa = PBXFileReference; lastKnownFileType = image.png; path = animatedHands6.png; sourceTree = "<group>"; };
		7FBF99B219060B44000163A0 /* animatedHands5.png */ = {isa = PBXFileReference; lastKnownFileType = image.png; path = animatedHands5.png; sourceTree = "<group>"; };
		7FBF99B319060B44000163A0 /* animatedHands4.png */ = {isa = PBXFileReference; lastKnownFileType = image.png; path = animatedHands4.png; sourceTree = "<group>"; };
		7FBF99B419060B44000163A0 /* animatedHands3.png */ = {isa = PBXFileReference; lastKnownFileType = image.png; path = animatedHands3.png; sourceTree = "<group>"; };
		7FBF99B519060B44000163A0 /* animatedHands2.png */ = {isa = PBXFileReference; lastKnownFileType = image.png; path = animatedHands2.png; sourceTree = "<group>"; };
		7FBF99B619060B44000163A0 /* animatedHands1.png */ = {isa = PBXFileReference; lastKnownFileType = image.png; path = animatedHands1.png; sourceTree = "<group>"; };
		7FBF99BF1906A9B0000163A0 /* gameLoopSong_short.mp3 */ = {isa = PBXFileReference; lastKnownFileType = audio.mp3; path = gameLoopSong_short.mp3; sourceTree = "<group>"; };
		7FBF99C11906DCA9000163A0 /* collisionGround.png */ = {isa = PBXFileReference; lastKnownFileType = image.png; path = collisionGround.png; sourceTree = "<group>"; };
		7FBF99C31906DCB3000163A0 /* movingBackground.png */ = {isa = PBXFileReference; lastKnownFileType = image.png; path = movingBackground.png; sourceTree = "<group>"; };
		7FBF99C51906DCBB000163A0 /* stationaryBackground.png */ = {isa = PBXFileReference; lastKnownFileType = image.png; path = stationaryBackground.png; sourceTree = "<group>"; };
		7FCEC18518F622C600A97A6A /* arrow.png */ = {isa = PBXFileReference; lastKnownFileType = image.png; path = arrow.png; sourceTree = "<group>"; };
		7FF95D0B1907815D0031B710 /* icon.png */ = {isa = PBXFileReference; lastKnownFileType = image.png; path = icon.png; sourceTree = "<group>"; };
		7FF95D0D190784040031B710 /* icon29.png */ = {isa = PBXFileReference; lastKnownFileType = image.png; path = icon29.png; sourceTree = "<group>"; };
		7FF95D0F190784580031B710 /* icon58.png */ = {isa = PBXFileReference; lastKnownFileType = image.png; path = icon58.png; sourceTree = "<group>"; };
		7FF95D111907F8B20031B710 /* icon40.png */ = {isa = PBXFileReference; lastKnownFileType = image.png; path = icon40.png; sourceTree = "<group>"; };
		7FF95D131907F8F30031B710 /* icon80.png */ = {isa = PBXFileReference; lastKnownFileType = image.png; path = icon80.png; sourceTree = "<group>"; };
		7FF95D151907F9330031B710 /* icon57.png */ = {isa = PBXFileReference; lastKnownFileType = image.png; path = icon57.png; sourceTree = "<group>"; };
		7FF95D171907F96B0031B710 /* icon114.png */ = {isa = PBXFileReference; lastKnownFileType = image.png; path = icon114.png; sourceTree = "<group>"; };
		7FF95D191907FAA50031B710 /* icon152.png */ = {isa = PBXFileReference; lastKnownFileType = image.png; path = icon152.png; sourceTree = "<group>"; };
		7FF95D1A1907FAA50031B710 /* icon76.png */ = {isa = PBXFileReference; lastKnownFileType = image.png; path = icon76.png; sourceTree = "<group>"; };
		7FF95D1B1907FAA50031B710 /* icon144.png */ = {isa = PBXFileReference; lastKnownFileType = image.png; path = icon144.png; sourceTree = "<group>"; };
		7FF95D1C1907FAA50031B710 /* icon72.png */ = {isa = PBXFileReference; lastKnownFileType = image.png; path = icon72.png; sourceTree = "<group>"; };
		7FF95D1D1907FAA50031B710 /* icon100.png */ = {isa = PBXFileReference; lastKnownFileType = image.png; path = icon100.png; sourceTree = "<group>"; };
		7FF95D1E1907FAA50031B710 /* icon120.png */ = {isa = PBXFileReference; lastKnownFileType = image.png; path = icon120.png; sourceTree = "<group>"; };
		7FF95D1F1907FAA50031B710 /* icon50.png */ = {isa = PBXFileReference; lastKnownFileType = image.png; path = icon50.png; sourceTree = "<group>"; };
		AC76043D18F61F930081EA16 /* scoreboard.png */ = {isa = PBXFileReference; lastKnownFileType = image.png; path = scoreboard.png; sourceTree = "<group>"; };
		AC76044118F620AE0081EA16 /* okButton.png */ = {isa = PBXFileReference; lastKnownFileType = image.png; path = okButton.png; sourceTree = "<group>"; };
		ACA6FEC518FC9CEF00B51909 /* scoreMultiplier.png */ = {isa = PBXFileReference; lastKnownFileType = image.png; path = scoreMultiplier.png; sourceTree = "<group>"; };
		ACA6FEC718FC9D1E00B51909 /* oneUpMedal.png */ = {isa = PBXFileReference; lastKnownFileType = image.png; path = oneUpMedal.png; sourceTree = "<group>"; };
		ACA6FEC918FCA39F00B51909 /* dash.jpg */ = {isa = PBXFileReference; lastKnownFileType = image.jpeg; path = dash.jpg; sourceTree = "<group>"; };
		ACC98869190245DF00BE1660 /* AudioToolbox.framework */ = {isa = PBXFileReference; lastKnownFileType = wrapper.framework; name = AudioToolbox.framework; path = System/Library/Frameworks/AudioToolbox.framework; sourceTree = SDKROOT; };
		ACC9886B1902471300BE1660 /* sfx_die.wav */ = {isa = PBXFileReference; lastKnownFileType = audio.wav; path = sfx_die.wav; sourceTree = "<group>"; };
		ACC9886F1902484100BE1660 /* sfx_wing.wav */ = {isa = PBXFileReference; lastKnownFileType = audio.wav; path = sfx_wing.wav; sourceTree = "<group>"; };
		ACC98871190248ED00BE1660 /* sfx_hit.wav */ = {isa = PBXFileReference; lastKnownFileType = audio.wav; path = sfx_hit.wav; sourceTree = "<group>"; };
		ACC9887319024AC900BE1660 /* smw_coin.wav */ = {isa = PBXFileReference; lastKnownFileType = audio.wav; path = smw_coin.wav; sourceTree = "<group>"; };
		ACC9887519024C2300BE1660 /* smw_power_up.wav */ = {isa = PBXFileReference; lastKnownFileType = audio.wav; path = smw_power_up.wav; sourceTree = "<group>"; };
		ACC9887719024EB300BE1660 /* here_we_go.wav */ = {isa = PBXFileReference; lastKnownFileType = audio.wav; path = here_we_go.wav; sourceTree = "<group>"; };
		ACC9887919024FA300BE1660 /* score_mult.wav */ = {isa = PBXFileReference; lastKnownFileType = audio.wav; path = score_mult.wav; sourceTree = "<group>"; };
		ACC9887B190250B300BE1660 /* blip.wav */ = {isa = PBXFileReference; lastKnownFileType = audio.wav; path = blip.wav; sourceTree = "<group>"; };
		ACE2E5C619073A230005405B /* gameLoop.wav */ = {isa = PBXFileReference; lastKnownFileType = audio.wav; path = gameLoop.wav; sourceTree = "<group>"; };
		ACFFE315190725B3000BA013 /* AVFoundation.framework */ = {isa = PBXFileReference; lastKnownFileType = wrapper.framework; name = AVFoundation.framework; path = System/Library/Frameworks/AVFoundation.framework; sourceTree = SDKROOT; };
		ADC3F9FA18C031AC0011D68A /* bottomTube.png */ = {isa = PBXFileReference; lastKnownFileType = image.png; path = bottomTube.png; sourceTree = "<group>"; };
		ADC3F9FB18C031AC0011D68A /* topTube.png */ = {isa = PBXFileReference; lastKnownFileType = image.png; path = topTube.png; sourceTree = "<group>"; };
		ADC3FA0118C0EC940011D68A /* flappyView.h */ = {isa = PBXFileReference; fileEncoding = 4; lastKnownFileType = sourcecode.c.h; path = flappyView.h; sourceTree = "<group>"; };
		ADC3FA0218C0EC940011D68A /* flappyView.m */ = {isa = PBXFileReference; fileEncoding = 4; lastKnownFileType = sourcecode.c.objc; path = flappyView.m; sourceTree = "<group>"; };
		ADE10FE218FF1F4F00D28B34 /* dataBase.h */ = {isa = PBXFileReference; fileEncoding = 4; lastKnownFileType = sourcecode.c.h; name = dataBase.h; path = ../dataBase.h; sourceTree = "<group>"; };
		ADE10FE318FF1F4F00D28B34 /* dataBase.m */ = {isa = PBXFileReference; fileEncoding = 4; lastKnownFileType = sourcecode.c.objc; name = dataBase.m; path = ../dataBase.m; sourceTree = "<group>"; };
/* End PBXFileReference section */

/* Begin PBXFrameworksBuildPhase section */
		7F4F20E318BEB753002675F6 /* Frameworks */ = {
			isa = PBXFrameworksBuildPhase;
			buildActionMask = 2147483647;
			files = (
				ACFFE316190725B3000BA013 /* AVFoundation.framework in Frameworks */,
				ACC9886A190245DF00BE1660 /* AudioToolbox.framework in Frameworks */,
				7F4F20EC18BEB753002675F6 /* CoreGraphics.framework in Frameworks */,
				7F4F20EE18BEB753002675F6 /* UIKit.framework in Frameworks */,
				7F4F20EA18BEB753002675F6 /* Foundation.framework in Frameworks */,
			);
			runOnlyForDeploymentPostprocessing = 0;
		};
		7F4F210418BEB753002675F6 /* Frameworks */ = {
			isa = PBXFrameworksBuildPhase;
			buildActionMask = 2147483647;
			files = (
				7F4F210918BEB753002675F6 /* XCTest.framework in Frameworks */,
				7F4F210B18BEB753002675F6 /* UIKit.framework in Frameworks */,
				7F4F210A18BEB753002675F6 /* Foundation.framework in Frameworks */,
			);
			runOnlyForDeploymentPostprocessing = 0;
		};
/* End PBXFrameworksBuildPhase section */

/* Begin PBXGroup section */
		7F4F20DD18BEB753002675F6 = {
			isa = PBXGroup;
			children = (
				7F4F20EF18BEB753002675F6 /* flappyBird2 */,
				7F4F210E18BEB753002675F6 /* flappyBird2Tests */,
				7F4F20E818BEB753002675F6 /* Frameworks */,
				7F4F20E718BEB753002675F6 /* Products */,
			);
			sourceTree = "<group>";
		};
		7F4F20E718BEB753002675F6 /* Products */ = {
			isa = PBXGroup;
			children = (
				7F4F20E618BEB753002675F6 /* flappyBird2.app */,
				7F4F210718BEB753002675F6 /* flappyBird2Tests.xctest */,
			);
			name = Products;
			sourceTree = "<group>";
		};
		7F4F20E818BEB753002675F6 /* Frameworks */ = {
			isa = PBXGroup;
			children = (
				ACFFE315190725B3000BA013 /* AVFoundation.framework */,
				ACC98869190245DF00BE1660 /* AudioToolbox.framework */,
				7F4F20E918BEB753002675F6 /* Foundation.framework */,
				7F4F20EB18BEB753002675F6 /* CoreGraphics.framework */,
				7F4F20ED18BEB753002675F6 /* UIKit.framework */,
				7F4F210818BEB753002675F6 /* XCTest.framework */,
			);
			name = Frameworks;
			sourceTree = "<group>";
		};
		7F4F20EF18BEB753002675F6 /* flappyBird2 */ = {
			isa = PBXGroup;
			children = (
				7F4F20F818BEB753002675F6 /* AppDelegate.h */,
				7F4F20F918BEB753002675F6 /* AppDelegate.m */,
				7F4F20FB18BEB753002675F6 /* Main.storyboard */,
				ADC3FA0118C0EC940011D68A /* flappyView.h */,
				ADC3FA0218C0EC940011D68A /* flappyView.m */,
				7F4F20FE18BEB753002675F6 /* ViewController.h */,
				7F4F20FF18BEB753002675F6 /* ViewController.m */,
				ADE10FE218FF1F4F00D28B34 /* dataBase.h */,
				ADE10FE318FF1F4F00D28B34 /* dataBase.m */,
				7F4F210118BEB753002675F6 /* Images.xcassets */,
				7F4F20F018BEB753002675F6 /* Supporting Files */,
			);
			path = flappyBird2;
			sourceTree = "<group>";
		};
		7F4F20F018BEB753002675F6 /* Supporting Files */ = {
			isa = PBXGroup;
			children = (
				7FF95D191907FAA50031B710 /* icon152.png */,
				7FF95D1A1907FAA50031B710 /* icon76.png */,
				7FF95D1B1907FAA50031B710 /* icon144.png */,
				7FF95D1C1907FAA50031B710 /* icon72.png */,
				7FF95D1D1907FAA50031B710 /* icon100.png */,
				7FF95D1E1907FAA50031B710 /* icon120.png */,
				7FF95D1F1907FAA50031B710 /* icon50.png */,
				7FF95D171907F96B0031B710 /* icon114.png */,
				7FF95D151907F9330031B710 /* icon57.png */,
				7FF95D131907F8F30031B710 /* icon80.png */,
				7FF95D111907F8B20031B710 /* icon40.png */,
				7FF95D0F190784580031B710 /* icon58.png */,
				7FF95D0D190784040031B710 /* icon29.png */,
				7FF95D0B1907815D0031B710 /* icon.png */,
				7F4BC046190765890026F078 /* title.png */,
				7F4BC03819075CB20026F078 /* start.png */,
				7F4BC03A19075F050026F078 /* ok.png */,
				7F4BC0441907628C0026F078 /* scoreboard2.png */,
				7F4BC03C19075F0E0026F078 /* easy.png */,
				7F4BC03E19075F180026F078 /* medium.png */,
				7F4BC04019075F200026F078 /* hard.png */,
				7F4BC04219075F880026F078 /* faster2.png */,
				7F4BC030190754930026F078 /* groundImage.png */,
				7F4BBFF619074E900026F078 /* hands8 copy.png */,
				7F4BBFF719074E900026F078 /* hands7 copy.png */,
				7F4BBFF819074E900026F078 /* hands6 copy.png */,
				7F4BBFF919074E900026F078 /* hands5 copy.png */,
				7F4BBFFA19074E900026F078 /* hands4 copy.png */,
				7F4BBFFB19074E900026F078 /* hands3 copy.png */,
				7F4BBFFC19074E900026F078 /* hands2 copy.png */,
				7F4BBFFD19074E900026F078 /* hands1 copy.png */,
				7F4BBFFE19074E900026F078 /* gravitypowerup.png */,
				7F4BBFFF19074E900026F078 /* coinpowerup.png */,
				7F4BC00019074E900026F078 /* coin19.png */,
				7F4BC034190758AF0026F078 /* coin18.png */,
				7F4BC00119074E900026F078 /* coin17.png */,
				7F4BC00219074E900026F078 /* coin16.png */,
				7F4BC00319074E900026F078 /* coin15.png */,
				7F4BC00419074E900026F078 /* coin14.png */,
				7F4BC00519074E900026F078 /* coin13.png */,
				7F4BC00619074E900026F078 /* coin12.png */,
				7F4BC00719074E900026F078 /* coin11.png */,
				7F4BC00819074E900026F078 /* coin10.png */,
				7F4BC00919074E900026F078 /* coin9.png */,
				7F4BC00A19074E900026F078 /* coin8.png */,
				7F4BC00B19074E900026F078 /* coin7.png */,
				7F4BC00C19074E900026F078 /* coin6.png */,
				7F4BC00D19074E900026F078 /* coin5.png */,
				7F4BC00E19074E900026F078 /* coin4.png */,
				7F4BC00F19074E900026F078 /* coin3.png */,
				7F4BC036190759F40026F078 /* coin2.png */,
				7F4BC01019074E900026F078 /* coin1.png */,
				7F4BC01119074E900026F078 /* 1upPowerup.png */,
				7F4BC01219074E910026F078 /* speedpowerup.png */,
				7F4BBFF419073D450026F078 /* PIPE_Down.png */,
				7F4BBFF219073CED0026F078 /* PIPE.png */,
				ACE2E5C619073A230005405B /* gameLoop.wav */,
				7FBF99C51906DCBB000163A0 /* stationaryBackground.png */,
				7FBF99C31906DCB3000163A0 /* movingBackground.png */,
				7FBF99C11906DCA9000163A0 /* collisionGround.png */,
				7FBF99BF1906A9B0000163A0 /* gameLoopSong_short.mp3 */,
				7FBF99AF19060B44000163A0 /* animatedHands8.png */,
				7FBF99B019060B44000163A0 /* animatedHands7.png */,
				7FBF99B119060B44000163A0 /* animatedHands6.png */,
				7FBF99B219060B44000163A0 /* animatedHands5.png */,
				7FBF99B319060B44000163A0 /* animatedHands4.png */,
				7FBF99B419060B44000163A0 /* animatedHands3.png */,
				7FBF99B519060B44000163A0 /* animatedHands2.png */,
				7FBF99B619060B44000163A0 /* animatedHands1.png */,
				7FBF99AD1905FD4D000163A0 /* gameLoopSong.mp3 */,
				7FBF99AB1905DE18000163A0 /* Faster.png */,
				ACC9887B190250B300BE1660 /* blip.wav */,
				ACC9887919024FA300BE1660 /* score_mult.wav */,
				ACC9887719024EB300BE1660 /* here_we_go.wav */,
				ACC9887519024C2300BE1660 /* smw_power_up.wav */,
				ACC9887319024AC900BE1660 /* smw_coin.wav */,
				ACC98871190248ED00BE1660 /* sfx_hit.wav */,
				ACC9886F1902484100BE1660 /* sfx_wing.wav */,
				ACC9886B1902471300BE1660 /* sfx_die.wav */,
				ACA6FEC918FCA39F00B51909 /* dash.jpg */,
				ACA6FEC718FC9D1E00B51909 /* oneUpMedal.png */,
				ACA6FEC518FC9CEF00B51909 /* scoreMultiplier.png */,
				7FCEC18518F622C600A97A6A /* arrow.png */,
				AC76044118F620AE0081EA16 /* okButton.png */,
				AC76043D18F61F930081EA16 /* scoreboard.png */,
				7FB3BBA918C1BF01001B558D /* flappyBirdCoin8.png */,
				7FB3BBAA18C1BF01001B558D /* flappyBirdCoin7.png */,
				7FB3BBAB18C1BF01001B558D /* flappyBirdCoin6.png */,
				7FB3BBAC18C1BF01001B558D /* flappyBirdCoin5.png */,
				7FB3BBAD18C1BF01001B558D /* flappyBirdCoin4.png */,
				7FB3BBAE18C1BF01001B558D /* flappyBirdCoin3.png */,
				7FB3BBAF18C1BF01001B558D /* flappyBirdCoin2.png */,
				7FB3BBB018C1BF01001B558D /* flappyBirdCoin1.png */,
				7FB3BBB118C1BF01001B558D /* flappyBirdCoin9.png */,
				7FB3BBB218C1BF01001B558D /* flappyBirdCoin10.png */,
				ADC3F9FA18C031AC0011D68A /* bottomTube.png */,
				ADC3F9FB18C031AC0011D68A /* topTube.png */,
				7F4F212C18BF9C75002675F6 /* flappyBirdFlying3.png */,
				7F4F212A18BF9C6D002675F6 /* flappyBirdFlying2.png */,
				7F4F212818BF9C60002675F6 /* flappyBirdFlying1.png */,
				7F4F212618BF36BE002675F6 /* flappyBirdStartButtonUp.png */,
				7F4F212418BF36B5002675F6 /* flappyBirdStartButtonDown.png */,
				7F4F212218BF1A4B002675F6 /* flappyBirdGroundWide.png */,
				7F4F211E18BEC43D002675F6 /* flappyBirdDaytime.png */,
				7F4F20F118BEB753002675F6 /* flappyBird2-Info.plist */,
				7F4F20F218BEB753002675F6 /* InfoPlist.strings */,
				7F4F20F518BEB753002675F6 /* main.m */,
				7F4F20F718BEB753002675F6 /* flappyBird2-Prefix.pch */,
			);
			name = "Supporting Files";
			sourceTree = "<group>";
		};
		7F4F210E18BEB753002675F6 /* flappyBird2Tests */ = {
			isa = PBXGroup;
			children = (
				7F4F211418BEB753002675F6 /* flappyBird2Tests.m */,
				7F4F210F18BEB753002675F6 /* Supporting Files */,
			);
			path = flappyBird2Tests;
			sourceTree = "<group>";
		};
		7F4F210F18BEB753002675F6 /* Supporting Files */ = {
			isa = PBXGroup;
			children = (
				7F4F211018BEB753002675F6 /* flappyBird2Tests-Info.plist */,
				7F4F211118BEB753002675F6 /* InfoPlist.strings */,
			);
			name = "Supporting Files";
			sourceTree = "<group>";
		};
/* End PBXGroup section */

/* Begin PBXNativeTarget section */
		7F4F20E518BEB753002675F6 /* flappyBird2 */ = {
			isa = PBXNativeTarget;
			buildConfigurationList = 7F4F211818BEB753002675F6 /* Build configuration list for PBXNativeTarget "flappyBird2" */;
			buildPhases = (
				7F4F20E218BEB753002675F6 /* Sources */,
				7F4F20E318BEB753002675F6 /* Frameworks */,
				7F4F20E418BEB753002675F6 /* Resources */,
			);
			buildRules = (
			);
			dependencies = (
			);
			name = flappyBird2;
			productName = flappyBird2;
			productReference = 7F4F20E618BEB753002675F6 /* flappyBird2.app */;
			productType = "com.apple.product-type.application";
		};
		7F4F210618BEB753002675F6 /* flappyBird2Tests */ = {
			isa = PBXNativeTarget;
			buildConfigurationList = 7F4F211B18BEB753002675F6 /* Build configuration list for PBXNativeTarget "flappyBird2Tests" */;
			buildPhases = (
				7F4F210318BEB753002675F6 /* Sources */,
				7F4F210418BEB753002675F6 /* Frameworks */,
				7F4F210518BEB753002675F6 /* Resources */,
			);
			buildRules = (
			);
			dependencies = (
				7F4F210D18BEB753002675F6 /* PBXTargetDependency */,
			);
			name = flappyBird2Tests;
			productName = flappyBird2Tests;
			productReference = 7F4F210718BEB753002675F6 /* flappyBird2Tests.xctest */;
			productType = "com.apple.product-type.bundle.unit-test";
		};
/* End PBXNativeTarget section */

/* Begin PBXProject section */
		7F4F20DE18BEB753002675F6 /* Project object */ = {
			isa = PBXProject;
			attributes = {
				LastUpgradeCheck = 0510;
				ORGANIZATIONNAME = "Malcolm Geldmacher";
				TargetAttributes = {
					7F4F210618BEB753002675F6 = {
						TestTargetID = 7F4F20E518BEB753002675F6;
					};
				};
			};
			buildConfigurationList = 7F4F20E118BEB753002675F6 /* Build configuration list for PBXProject "flappyBird2" */;
			compatibilityVersion = "Xcode 3.2";
			developmentRegion = English;
			hasScannedForEncodings = 0;
			knownRegions = (
				en,
				Base,
			);
			mainGroup = 7F4F20DD18BEB753002675F6;
			productRefGroup = 7F4F20E718BEB753002675F6 /* Products */;
			projectDirPath = "";
			projectRoot = "";
			targets = (
				7F4F20E518BEB753002675F6 /* flappyBird2 */,
				7F4F210618BEB753002675F6 /* flappyBird2Tests */,
			);
		};
/* End PBXProject section */

/* Begin PBXResourcesBuildPhase section */
		7F4F20E418BEB753002675F6 /* Resources */ = {
			isa = PBXResourcesBuildPhase;
			buildActionMask = 2147483647;
			files = (
				7FF95D141907F8F30031B710 /* icon80.png in Resources */,
				7F4F210218BEB753002675F6 /* Images.xcassets in Resources */,
				7FF95D221907FAA50031B710 /* icon144.png in Resources */,
				7F4BC02619074E910026F078 /* coin9.png in Resources */,
				7FF95D0C1907815D0031B710 /* icon.png in Resources */,
				7F4BC02419074E910026F078 /* coin11.png in Resources */,
				7F4BC01C19074E910026F078 /* coinpowerup.png in Resources */,
				7FF95D201907FAA50031B710 /* icon152.png in Resources */,
				7FBF99BA19060B44000163A0 /* animatedHands5.png in Resources */,
				7FB3BBB618C1BF01001B558D /* flappyBirdCoin5.png in Resources */,
				7FB3BBBC18C1BF01001B558D /* flappyBirdCoin10.png in Resources */,
				7FF95D181907F96B0031B710 /* icon114.png in Resources */,
				7FF95D261907FAA50031B710 /* icon50.png in Resources */,
				7F4BC02719074E910026F078 /* coin8.png in Resources */,
				ACA6FECA18FCA39F00B51909 /* dash.jpg in Resources */,
				7FCEC18618F622C600A97A6A /* arrow.png in Resources */,
				ADC3F9FD18C031AC0011D68A /* topTube.png in Resources */,
				7F4BC02C19074E910026F078 /* coin3.png in Resources */,
				7F4BC03D19075F0E0026F078 /* easy.png in Resources */,
				7FBF99C61906DCBB000163A0 /* stationaryBackground.png in Resources */,
				ACC9887A19024FA300BE1660 /* score_mult.wav in Resources */,
				7F4BC01519074E910026F078 /* hands6 copy.png in Resources */,
				7F4BC01619074E910026F078 /* hands5 copy.png in Resources */,
				7F4BC02819074E910026F078 /* coin7.png in Resources */,
				AC76043E18F61F930081EA16 /* scoreboard.png in Resources */,
				ACC9887419024AC900BE1660 /* smw_coin.wav in Resources */,
				7FBF99AC1905DE18000163A0 /* Faster.png in Resources */,
				7FBF99B719060B44000163A0 /* animatedHands8.png in Resources */,
				7F4BC01D19074E910026F078 /* coin19.png in Resources */,
				7F4BC02D19074E910026F078 /* coin1.png in Resources */,
				ACC9887819024EB300BE1660 /* here_we_go.wav in Resources */,
				7FB3BBB818C1BF01001B558D /* flappyBirdCoin3.png in Resources */,
				7F4BC01919074E910026F078 /* hands2 copy.png in Resources */,
				7FF95D121907F8B20031B710 /* icon40.png in Resources */,
				7F4BC01419074E910026F078 /* hands7 copy.png in Resources */,
				7F4BC04119075F200026F078 /* hard.png in Resources */,
				7F4BC02019074E910026F078 /* coin15.png in Resources */,
				7F4BC02519074E910026F078 /* coin10.png in Resources */,
				7F4BC02A19074E910026F078 /* coin5.png in Resources */,
				7F4BC035190758AF0026F078 /* coin18.png in Resources */,
				7F4BC03919075CB20026F078 /* start.png in Resources */,
				7FBF99C01906A9B0000163A0 /* gameLoopSong_short.mp3 in Resources */,
				7F4F212D18BF9C75002675F6 /* flappyBirdFlying3.png in Resources */,
				7F4BC02F19074E910026F078 /* speedpowerup.png in Resources */,
				7F4BC03F19075F180026F078 /* medium.png in Resources */,
				7FF95D0E190784040031B710 /* icon29.png in Resources */,
				7F4BC031190754930026F078 /* groundImage.png in Resources */,
				7FB3BBB918C1BF01001B558D /* flappyBirdCoin2.png in Resources */,
				7F4BC0451907628C0026F078 /* scoreboard2.png in Resources */,
				7F4BC02319074E910026F078 /* coin12.png in Resources */,
				7F4F20F418BEB753002675F6 /* InfoPlist.strings in Resources */,
				7FF95D241907FAA50031B710 /* icon100.png in Resources */,
				7FF95D211907FAA50031B710 /* icon76.png in Resources */,
				7F4F211F18BEC43D002675F6 /* flappyBirdDaytime.png in Resources */,
				ACC9887C190250B300BE1660 /* blip.wav in Resources */,
				7FBF99AE1905FD4D000163A0 /* gameLoopSong.mp3 in Resources */,
				ACA6FEC618FC9CEF00B51909 /* scoreMultiplier.png in Resources */,
				7F4F212B18BF9C6D002675F6 /* flappyBirdFlying2.png in Resources */,
				7FB3BBBB18C1BF01001B558D /* flappyBirdCoin9.png in Resources */,
				7FF95D10190784580031B710 /* icon58.png in Resources */,
				7F4BC02B19074E910026F078 /* coin4.png in Resources */,
				7FB3BBBA18C1BF01001B558D /* flappyBirdCoin1.png in Resources */,
				AC76044218F620AE0081EA16 /* okButton.png in Resources */,
				7FB3BBB718C1BF01001B558D /* flappyBirdCoin4.png in Resources */,
				ADC3F9FC18C031AC0011D68A /* bottomTube.png in Resources */,
				ACC98872190248ED00BE1660 /* sfx_hit.wav in Resources */,
				ACC988701902484100BE1660 /* sfx_wing.wav in Resources */,
				7F4BC02219074E910026F078 /* coin13.png in Resources */,
				7FBF99BC19060B44000163A0 /* animatedHands3.png in Resources */,
				ACC9886C1902471300BE1660 /* sfx_die.wav in Resources */,
				7F4F212518BF36B5002675F6 /* flappyBirdStartButtonDown.png in Resources */,
				7FBF99C21906DCA9000163A0 /* collisionGround.png in Resources */,
				7F4F212718BF36BE002675F6 /* flappyBirdStartButtonUp.png in Resources */,
				7FB3BBB518C1BF01001B558D /* flappyBirdCoin6.png in Resources */,
				7F4BBFF319073CED0026F078 /* PIPE.png in Resources */,
				7F4BC037190759F40026F078 /* coin2.png in Resources */,
				7FBF99BB19060B44000163A0 /* animatedHands4.png in Resources */,
				7F4BC01819074E910026F078 /* hands3 copy.png in Resources */,
				ACC9887619024C2300BE1660 /* smw_power_up.wav in Resources */,
				7F4BC01A19074E910026F078 /* hands1 copy.png in Resources */,
				ACE2E5C719073A230005405B /* gameLoop.wav in Resources */,
				7F4F20FD18BEB753002675F6 /* Main.storyboard in Resources */,
				7FBF99BD19060B44000163A0 /* animatedHands2.png in Resources */,
				7F4F212318BF1A4B002675F6 /* flappyBirdGroundWide.png in Resources */,
				7FBF99BE19060B44000163A0 /* animatedHands1.png in Resources */,
				ACA6FEC818FC9D1E00B51909 /* oneUpMedal.png in Resources */,
				7F4BC04319075F880026F078 /* faster2.png in Resources */,
				7F4BC01719074E910026F078 /* hands4 copy.png in Resources */,
				7F4BC01E19074E910026F078 /* coin17.png in Resources */,
				7FF95D231907FAA50031B710 /* icon72.png in Resources */,
				7FBF99B919060B44000163A0 /* animatedHands6.png in Resources */,
				7FF95D251907FAA50031B710 /* icon120.png in Resources */,
				7FB3BBB418C1BF01001B558D /* flappyBirdCoin7.png in Resources */,
				7F4BC047190765890026F078 /* title.png in Resources */,
				7F4BBFF519073D450026F078 /* PIPE_Down.png in Resources */,
				7F4BC02919074E910026F078 /* coin6.png in Resources */,
				7F4BC01F19074E910026F078 /* coin16.png in Resources */,
				7FBF99C41906DCB3000163A0 /* movingBackground.png in Resources */,
				7FBF99B819060B44000163A0 /* animatedHands7.png in Resources */,
				7FF95D161907F9330031B710 /* icon57.png in Resources */,
				7F4BC01319074E910026F078 /* hands8 copy.png in Resources */,
				7FB3BBB318C1BF01001B558D /* flappyBirdCoin8.png in Resources */,
				7F4F212918BF9C60002675F6 /* flappyBirdFlying1.png in Resources */,
				7F4BC03B19075F050026F078 /* ok.png in Resources */,
				7F4BC02E19074E910026F078 /* 1upPowerup.png in Resources */,
				7F4BC01B19074E910026F078 /* gravitypowerup.png in Resources */,
				7F4BC02119074E910026F078 /* coin14.png in Resources */,
			);
			runOnlyForDeploymentPostprocessing = 0;
		};
		7F4F210518BEB753002675F6 /* Resources */ = {
			isa = PBXResourcesBuildPhase;
			buildActionMask = 2147483647;
			files = (
				7F4F211318BEB753002675F6 /* InfoPlist.strings in Resources */,
			);
			runOnlyForDeploymentPostprocessing = 0;
		};
/* End PBXResourcesBuildPhase section */

/* Begin PBXSourcesBuildPhase section */
		7F4F20E218BEB753002675F6 /* Sources */ = {
			isa = PBXSourcesBuildPhase;
			buildActionMask = 2147483647;
			files = (
				ADC3FA0318C0EC940011D68A /* flappyView.m in Sources */,
				7F4F210018BEB753002675F6 /* ViewController.m in Sources */,
				7F4F20FA18BEB753002675F6 /* AppDelegate.m in Sources */,
				ADE10FE418FF1F4F00D28B34 /* dataBase.m in Sources */,
				7F4F20F618BEB753002675F6 /* main.m in Sources */,
			);
			runOnlyForDeploymentPostprocessing = 0;
		};
		7F4F210318BEB753002675F6 /* Sources */ = {
			isa = PBXSourcesBuildPhase;
			buildActionMask = 2147483647;
			files = (
				7F4F211518BEB753002675F6 /* flappyBird2Tests.m in Sources */,
			);
			runOnlyForDeploymentPostprocessing = 0;
		};
/* End PBXSourcesBuildPhase section */

/* Begin PBXTargetDependency section */
		7F4F210D18BEB753002675F6 /* PBXTargetDependency */ = {
			isa = PBXTargetDependency;
			target = 7F4F20E518BEB753002675F6 /* flappyBird2 */;
			targetProxy = 7F4F210C18BEB753002675F6 /* PBXContainerItemProxy */;
		};
/* End PBXTargetDependency section */

/* Begin PBXVariantGroup section */
		7F4F20F218BEB753002675F6 /* InfoPlist.strings */ = {
			isa = PBXVariantGroup;
			children = (
				7F4F20F318BEB753002675F6 /* en */,
			);
			name = InfoPlist.strings;
			sourceTree = "<group>";
		};
		7F4F20FB18BEB753002675F6 /* Main.storyboard */ = {
			isa = PBXVariantGroup;
			children = (
				7F4F20FC18BEB753002675F6 /* Base */,
			);
			name = Main.storyboard;
			sourceTree = "<group>";
		};
		7F4F211118BEB753002675F6 /* InfoPlist.strings */ = {
			isa = PBXVariantGroup;
			children = (
				7F4F211218BEB753002675F6 /* en */,
			);
			name = InfoPlist.strings;
			sourceTree = "<group>";
		};
/* End PBXVariantGroup section */

/* Begin XCBuildConfiguration section */
		7F4F211618BEB753002675F6 /* Debug */ = {
			isa = XCBuildConfiguration;
			buildSettings = {
				ALWAYS_SEARCH_USER_PATHS = NO;
				CLANG_CXX_LANGUAGE_STANDARD = "gnu++0x";
				CLANG_CXX_LIBRARY = "libc++";
				CLANG_ENABLE_MODULES = YES;
				CLANG_ENABLE_OBJC_ARC = YES;
				CLANG_WARN_BOOL_CONVERSION = YES;
				CLANG_WARN_CONSTANT_CONVERSION = YES;
				CLANG_WARN_DIRECT_OBJC_ISA_USAGE = YES_ERROR;
				CLANG_WARN_EMPTY_BODY = YES;
				CLANG_WARN_ENUM_CONVERSION = YES;
				CLANG_WARN_INT_CONVERSION = YES;
				CLANG_WARN_OBJC_ROOT_CLASS = YES_ERROR;
				CLANG_WARN__DUPLICATE_METHOD_MATCH = YES;
				"CODE_SIGN_IDENTITY[sdk=iphoneos*]" = "iPhone Developer";
				COPY_PHASE_STRIP = NO;
				GCC_C_LANGUAGE_STANDARD = gnu99;
				GCC_DYNAMIC_NO_PIC = NO;
				GCC_OPTIMIZATION_LEVEL = 0;
				GCC_PREPROCESSOR_DEFINITIONS = (
					"DEBUG=1",
					"$(inherited)",
				);
				GCC_SYMBOLS_PRIVATE_EXTERN = NO;
				GCC_WARN_64_TO_32_BIT_CONVERSION = YES;
				GCC_WARN_ABOUT_RETURN_TYPE = YES_ERROR;
				GCC_WARN_UNDECLARED_SELECTOR = YES;
				GCC_WARN_UNINITIALIZED_AUTOS = YES;
				GCC_WARN_UNUSED_FUNCTION = YES;
				GCC_WARN_UNUSED_VARIABLE = YES;
				IPHONEOS_DEPLOYMENT_TARGET = 7.0;
				ONLY_ACTIVE_ARCH = YES;
				SDKROOT = iphoneos;
			};
			name = Debug;
		};
		7F4F211718BEB753002675F6 /* Release */ = {
			isa = XCBuildConfiguration;
			buildSettings = {
				ALWAYS_SEARCH_USER_PATHS = NO;
				CLANG_CXX_LANGUAGE_STANDARD = "gnu++0x";
				CLANG_CXX_LIBRARY = "libc++";
				CLANG_ENABLE_MODULES = YES;
				CLANG_ENABLE_OBJC_ARC = YES;
				CLANG_WARN_BOOL_CONVERSION = YES;
				CLANG_WARN_CONSTANT_CONVERSION = YES;
				CLANG_WARN_DIRECT_OBJC_ISA_USAGE = YES_ERROR;
				CLANG_WARN_EMPTY_BODY = YES;
				CLANG_WARN_ENUM_CONVERSION = YES;
				CLANG_WARN_INT_CONVERSION = YES;
				CLANG_WARN_OBJC_ROOT_CLASS = YES_ERROR;
				CLANG_WARN__DUPLICATE_METHOD_MATCH = YES;
				"CODE_SIGN_IDENTITY[sdk=iphoneos*]" = "iPhone Developer";
				COPY_PHASE_STRIP = YES;
				ENABLE_NS_ASSERTIONS = NO;
				GCC_C_LANGUAGE_STANDARD = gnu99;
				GCC_WARN_64_TO_32_BIT_CONVERSION = YES;
				GCC_WARN_ABOUT_RETURN_TYPE = YES_ERROR;
				GCC_WARN_UNDECLARED_SELECTOR = YES;
				GCC_WARN_UNINITIALIZED_AUTOS = YES;
				GCC_WARN_UNUSED_FUNCTION = YES;
				GCC_WARN_UNUSED_VARIABLE = YES;
				IPHONEOS_DEPLOYMENT_TARGET = 7.0;
				SDKROOT = iphoneos;
				VALIDATE_PRODUCT = YES;
			};
			name = Release;
		};
		7F4F211918BEB753002675F6 /* Debug */ = {
			isa = XCBuildConfiguration;
			buildSettings = {
				ASSETCATALOG_COMPILER_APPICON_NAME = AppIcon;
				ASSETCATALOG_COMPILER_LAUNCHIMAGE_NAME = LaunchImage;
				GCC_PRECOMPILE_PREFIX_HEADER = YES;
				GCC_PREFIX_HEADER = "flappyBird2/flappyBird2-Prefix.pch";
				INFOPLIST_FILE = "flappyBird2/flappyBird2-Info.plist";
				PRODUCT_NAME = "$(TARGET_NAME)";
				WRAPPER_EXTENSION = app;
			};
			name = Debug;
		};
		7F4F211A18BEB753002675F6 /* Release */ = {
			isa = XCBuildConfiguration;
			buildSettings = {
				ASSETCATALOG_COMPILER_APPICON_NAME = AppIcon;
				ASSETCATALOG_COMPILER_LAUNCHIMAGE_NAME = LaunchImage;
				GCC_PRECOMPILE_PREFIX_HEADER = YES;
				GCC_PREFIX_HEADER = "flappyBird2/flappyBird2-Prefix.pch";
				INFOPLIST_FILE = "flappyBird2/flappyBird2-Info.plist";
				PRODUCT_NAME = "$(TARGET_NAME)";
				WRAPPER_EXTENSION = app;
			};
			name = Release;
		};
		7F4F211C18BEB753002675F6 /* Debug */ = {
			isa = XCBuildConfiguration;
			buildSettings = {
				BUNDLE_LOADER = "$(BUILT_PRODUCTS_DIR)/flappyBird2.app/flappyBird2";
				FRAMEWORK_SEARCH_PATHS = (
					"$(SDKROOT)/Developer/Library/Frameworks",
					"$(inherited)",
					"$(DEVELOPER_FRAMEWORKS_DIR)",
				);
				GCC_PRECOMPILE_PREFIX_HEADER = YES;
				GCC_PREFIX_HEADER = "flappyBird2/flappyBird2-Prefix.pch";
				GCC_PREPROCESSOR_DEFINITIONS = (
					"DEBUG=1",
					"$(inherited)",
				);
				INFOPLIST_FILE = "flappyBird2Tests/flappyBird2Tests-Info.plist";
				PRODUCT_NAME = "$(TARGET_NAME)";
				TEST_HOST = "$(BUNDLE_LOADER)";
				WRAPPER_EXTENSION = xctest;
			};
			name = Debug;
		};
		7F4F211D18BEB753002675F6 /* Release */ = {
			isa = XCBuildConfiguration;
			buildSettings = {
				BUNDLE_LOADER = "$(BUILT_PRODUCTS_DIR)/flappyBird2.app/flappyBird2";
				FRAMEWORK_SEARCH_PATHS = (
					"$(SDKROOT)/Developer/Library/Frameworks",
					"$(inherited)",
					"$(DEVELOPER_FRAMEWORKS_DIR)",
				);
				GCC_PRECOMPILE_PREFIX_HEADER = YES;
				GCC_PREFIX_HEADER = "flappyBird2/flappyBird2-Prefix.pch";
				INFOPLIST_FILE = "flappyBird2Tests/flappyBird2Tests-Info.plist";
				PRODUCT_NAME = "$(TARGET_NAME)";
				TEST_HOST = "$(BUNDLE_LOADER)";
				WRAPPER_EXTENSION = xctest;
			};
			name = Release;
		};
/* End XCBuildConfiguration section */

/* Begin XCConfigurationList section */
		7F4F20E118BEB753002675F6 /* Build configuration list for PBXProject "flappyBird2" */ = {
			isa = XCConfigurationList;
			buildConfigurations = (
				7F4F211618BEB753002675F6 /* Debug */,
				7F4F211718BEB753002675F6 /* Release */,
			);
			defaultConfigurationIsVisible = 0;
			defaultConfigurationName = Release;
		};
		7F4F211818BEB753002675F6 /* Build configuration list for PBXNativeTarget "flappyBird2" */ = {
			isa = XCConfigurationList;
			buildConfigurations = (
				7F4F211918BEB753002675F6 /* Debug */,
				7F4F211A18BEB753002675F6 /* Release */,
			);
			defaultConfigurationIsVisible = 0;
			defaultConfigurationName = Release;
		};
		7F4F211B18BEB753002675F6 /* Build configuration list for PBXNativeTarget "flappyBird2Tests" */ = {
			isa = XCConfigurationList;
			buildConfigurations = (
				7F4F211C18BEB753002675F6 /* Debug */,
				7F4F211D18BEB753002675F6 /* Release */,
			);
			defaultConfigurationIsVisible = 0;
			defaultConfigurationName = Release;
		};
/* End XCConfigurationList section */
	};
	rootObject = 7F4F20DE18BEB753002675F6 /* Project object */;
}
